<Solution>
  <Project Path="WeatherLinkLiveCrestronDriver/WeatherLinkLiveCrestronDriver.csproj" />
  <Project Path="WeatherLinkLiveCrestronDriver.Tests/WeatherLinkLiveCrestronDriver.Tests.csproj" />
  <Project Path="WeatherLinkLiveCrestronDriver.ProcessorTests/WeatherLinkLiveCrestronDriver.ProcessorTests.csproj" />
</Solution>
